// !$*UTF8*$!
{
	archiveVersion = 1;
	classes = {
	};
	objectVersion = 46;
	objects = {

/* Begin PBXBuildFile section */
		0716FA1216D6DE44002DD14E /* MainStoryboard.storyboard in Resources */ = {isa = PBXBuildFile; fileRef = 0716FA1016D6DE44002DD14E /* MainStoryboard.storyboard */; };
		0716FA5116D6EC82002DD14E /* first.png in Resources */ = {isa = PBXBuildFile; fileRef = 0716FA4D16D6EC82002DD14E /* first.png */; };
		0716FA5216D6EC82002DD14E /* first@2x.png in Resources */ = {isa = PBXBuildFile; fileRef = 0716FA4E16D6EC82002DD14E /* first@2x.png */; };
		0716FA5316D6EC82002DD14E /* second.png in Resources */ = {isa = PBXBuildFile; fileRef = 0716FA4F16D6EC82002DD14E /* second.png */; };
		0716FA5416D6EC82002DD14E /* second@2x.png in Resources */ = {isa = PBXBuildFile; fileRef = 0716FA5016D6EC82002DD14E /* second@2x.png */; };
		0716FA5616DA2C14002DD14E /* MapKit.framework in Frameworks */ = {isa = PBXBuildFile; fileRef = 0716FA5516DA2C14002DD14E /* MapKit.framework */; };
		0716FA5816DA2DDB002DD14E /* delguide.pdf in Resources */ = {isa = PBXBuildFile; fileRef = 0716FA5716DA2DDB002DD14E /* delguide.pdf */; };
		0716FA5C16DA4DEC002DD14E /* author.png in Resources */ = {isa = PBXBuildFile; fileRef = 0716FA5B16DA4DEB002DD14E /* author.png */; };
		0716FA5F16DA4FAE002DD14E /* home.png in Resources */ = {isa = PBXBuildFile; fileRef = 0716FA5D16DA4FAE002DD14E /* home.png */; };
		0716FA6016DA4FAE002DD14E /* home@2x.png in Resources */ = {isa = PBXBuildFile; fileRef = 0716FA5E16DA4FAE002DD14E /* home@2x.png */; };
		0716FA6316DA519C002DD14E /* guide.png in Resources */ = {isa = PBXBuildFile; fileRef = 0716FA6116DA519C002DD14E /* guide.png */; };
		0716FA6416DA519C002DD14E /* guide@2x.png in Resources */ = {isa = PBXBuildFile; fileRef = 0716FA6216DA519C002DD14E /* guide@2x.png */; };
		0716FA6616DA5287002DD14E /* map.png in Resources */ = {isa = PBXBuildFile; fileRef = 0716FA6516DA5287002DD14E /* map.png */; };
		0716FA6816DA540D002DD14E /* logo.png in Resources */ = {isa = PBXBuildFile; fileRef = 0716FA6716DA540D002DD14E /* logo.png */; };
		071B22AF1642CDCB00922781 /* UIKit.framework in Frameworks */ = {isa = PBXBuildFile; fileRef = 071B22AE1642CDCB00922781 /* UIKit.framework */; };
		071B22B11642CDCB00922781 /* Foundation.framework in Frameworks */ = {isa = PBXBuildFile; fileRef = 071B22B01642CDCB00922781 /* Foundation.framework */; };
		071B22B31642CDCB00922781 /* CoreGraphics.framework in Frameworks */ = {isa = PBXBuildFile; fileRef = 071B22B21642CDCB00922781 /* CoreGraphics.framework */; };
		071B22B91642CDCB00922781 /* InfoPlist.strings in Resources */ = {isa = PBXBuildFile; fileRef = 071B22B71642CDCB00922781 /* InfoPlist.strings */; };
		071B22BB1642CDCB00922781 /* main.m in Sources */ = {isa = PBXBuildFile; fileRef = 071B22BA1642CDCB00922781 /* main.m */; };
		071B22BF1642CDCB00922781 /* AppDelegate.m in Sources */ = {isa = PBXBuildFile; fileRef = 071B22BE1642CDCB00922781 /* AppDelegate.m */; };
		071B22C11642CDCB00922781 /* Default.png in Resources */ = {isa = PBXBuildFile; fileRef = 071B22C01642CDCB00922781 /* Default.png */; };
		071B22C31642CDCB00922781 /* Default@2x.png in Resources */ = {isa = PBXBuildFile; fileRef = 071B22C21642CDCB00922781 /* Default@2x.png */; };
		071B22C51642CDCB00922781 /* Default-568h@2x.png in Resources */ = {isa = PBXBuildFile; fileRef = 071B22C41642CDCB00922781 /* Default-568h@2x.png */; };
		071B22CB1642CDCB00922781 /* ViewController.m in Sources */ = {isa = PBXBuildFile; fileRef = 071B22CA1642CDCB00922781 /* ViewController.m */; };
		0785F1DC16661B740072F254 /* logoicon.png in Resources */ = {isa = PBXBuildFile; fileRef = 0785F1DB16661B740072F254 /* logoicon.png */; };
		0785F1DE16661BAA0072F254 /* logoicon114.png in Resources */ = {isa = PBXBuildFile; fileRef = 0785F1DD16661BAA0072F254 /* logoicon114.png */; };
		07A067F116A6063B00C00776 /* title.png in Resources */ = {isa = PBXBuildFile; fileRef = 07A067F016A6063B00C00776 /* title.png */; };
		07A067F416A6092700C00776 /* bar.png in Resources */ = {isa = PBXBuildFile; fileRef = 07A067F316A6092700C00776 /* bar.png */; };
		07A067F616A60AE300C00776 /* toplogo.png in Resources */ = {isa = PBXBuildFile; fileRef = 07A067F516A60AE300C00776 /* toplogo.png */; };
		07B9CB7816C6DBEC00B3A7A1 /* Default.png in Resources */ = {isa = PBXBuildFile; fileRef = 07B9CB7716C6DBEC00B3A7A1 /* Default.png */; };
		07B9CB7A16C6DBEF00B3A7A1 /* Default-568h@2x.png in Resources */ = {isa = PBXBuildFile; fileRef = 07B9CB7916C6DBEF00B3A7A1 /* Default-568h@2x.png */; };
		07B9CB7C16C6DBFA00B3A7A1 /* Default@2x.png in Resources */ = {isa = PBXBuildFile; fileRef = 07B9CB7B16C6DBFA00B3A7A1 /* Default@2x.png */; };
/* End PBXBuildFile section */

/* Begin PBXFileReference section */
		0716FA1116D6DE44002DD14E /* en */ = {isa = PBXFileReference; lastKnownFileType = file.storyboard; name = en; path = en.lproj/MainStoryboard.storyboard; sourceTree = "<group>"; };
		0716FA4D16D6EC82002DD14E /* first.png */ = {isa = PBXFileReference; lastKnownFileType = image.png; path = first.png; sourceTree = "<group>"; };
		0716FA4E16D6EC82002DD14E /* first@2x.png */ = {isa = PBXFileReference; lastKnownFileType = image.png; path = "first@2x.png"; sourceTree = "<group>"; };
		0716FA4F16D6EC82002DD14E /* second.png */ = {isa = PBXFileReference; lastKnownFileType = image.png; path = second.png; sourceTree = "<group>"; };
		0716FA5016D6EC82002DD14E /* second@2x.png */ = {isa = PBXFileReference; lastKnownFileType = image.png; path = "second@2x.png"; sourceTree = "<group>"; };
		0716FA5516DA2C14002DD14E /* MapKit.framework */ = {isa = PBXFileReference; lastKnownFileType = wrapper.framework; name = MapKit.framework; path = System/Library/Frameworks/MapKit.framework; sourceTree = SDKROOT; };
		0716FA5716DA2DDB002DD14E /* delguide.pdf */ = {isa = PBXFileReference; lastKnownFileType = image.pdf; path = delguide.pdf; sourceTree = SOURCE_ROOT; };
		0716FA5B16DA4DEB002DD14E /* author.png */ = {isa = PBXFileReference; lastKnownFileType = image.png; path = author.png; sourceTree = "<group>"; };
		0716FA5D16DA4FAE002DD14E /* home.png */ = {isa = PBXFileReference; lastKnownFileType = image.png; path = home.png; sourceTree = "<group>"; };
		0716FA5E16DA4FAE002DD14E /* home@2x.png */ = {isa = PBXFileReference; lastKnownFileType = image.png; path = "home@2x.png"; sourceTree = "<group>"; };
		0716FA6116DA519C002DD14E /* guide.png */ = {isa = PBXFileReference; lastKnownFileType = image.png; path = guide.png; sourceTree = "<group>"; };
		0716FA6216DA519C002DD14E /* guide@2x.png */ = {isa = PBXFileReference; lastKnownFileType = image.png; path = "guide@2x.png"; sourceTree = "<group>"; };
		0716FA6516DA5287002DD14E /* map.png */ = {isa = PBXFileReference; lastKnownFileType = image.png; path = map.png; sourceTree = "<group>"; };
		0716FA6716DA540D002DD14E /* logo.png */ = {isa = PBXFileReference; lastKnownFileType = image.png; path = logo.png; sourceTree = "<group>"; };
		071B22AA1642CDCB00922781 /* HaileyburyMUN.app */ = {isa = PBXFileReference; explicitFileType = wrapper.application; includeInIndex = 0; path = HaileyburyMUN.app; sourceTree = BUILT_PRODUCTS_DIR; };
		071B22AE1642CDCB00922781 /* UIKit.framework */ = {isa = PBXFileReference; lastKnownFileType = wrapper.framework; name = UIKit.framework; path = System/Library/Frameworks/UIKit.framework; sourceTree = SDKROOT; };
		071B22B01642CDCB00922781 /* Foundation.framework */ = {isa = PBXFileReference; lastKnownFileType = wrapper.framework; name = Foundation.framework; path = System/Library/Frameworks/Foundation.framework; sourceTree = SDKROOT; };
		071B22B21642CDCB00922781 /* CoreGraphics.framework */ = {isa = PBXFileReference; lastKnownFileType = wrapper.framework; name = CoreGraphics.framework; path = System/Library/Frameworks/CoreGraphics.framework; sourceTree = SDKROOT; };
		071B22B61642CDCB00922781 /* HaileyburyMUN-Info.plist */ = {isa = PBXFileReference; lastKnownFileType = text.plist.xml; path = "HaileyburyMUN-Info.plist"; sourceTree = "<group>"; };
		071B22B81642CDCB00922781 /* en */ = {isa = PBXFileReference; lastKnownFileType = text.plist.strings; name = en; path = en.lproj/InfoPlist.strings; sourceTree = "<group>"; };
		071B22BA1642CDCB00922781 /* main.m */ = {isa = PBXFileReference; lastKnownFileType = sourcecode.c.objc; path = main.m; sourceTree = "<group>"; };
		071B22BC1642CDCB00922781 /* HaileyburyMUN-Prefix.pch */ = {isa = PBXFileReference; lastKnownFileType = sourcecode.c.h; path = "HaileyburyMUN-Prefix.pch"; sourceTree = "<group>"; };
		071B22BD1642CDCB00922781 /* AppDelegate.h */ = {isa = PBXFileReference; lastKnownFileType = sourcecode.c.h; path = AppDelegate.h; sourceTree = "<group>"; };
		071B22BE1642CDCB00922781 /* AppDelegate.m */ = {isa = PBXFileReference; lastKnownFileType = sourcecode.c.objc; path = AppDelegate.m; sourceTree = "<group>"; };
		071B22C01642CDCB00922781 /* Default.png */ = {isa = PBXFileReference; lastKnownFileType = image.png; path = Default.png; sourceTree = "<group>"; };
		071B22C21642CDCB00922781 /* Default@2x.png */ = {isa = PBXFileReference; lastKnownFileType = image.png; path = "Default@2x.png"; sourceTree = "<group>"; };
		071B22C41642CDCB00922781 /* Default-568h@2x.png */ = {isa = PBXFileReference; lastKnownFileType = image.png; path = "Default-568h@2x.png"; sourceTree = "<group>"; };
		071B22C91642CDCB00922781 /* ViewController.h */ = {isa = PBXFileReference; lastKnownFileType = sourcecode.c.h; path = ViewController.h; sourceTree = "<group>"; };
		071B22CA1642CDCB00922781 /* ViewController.m */ = {isa = PBXFileReference; lastKnownFileType = sourcecode.c.objc; path = ViewController.m; sourceTree = "<group>"; };
		0785F1DB16661B740072F254 /* logoicon.png */ = {isa = PBXFileReference; lastKnownFileType = image.png; path = logoicon.png; sourceTree = "<group>"; };
		0785F1DD16661BAA0072F254 /* logoicon114.png */ = {isa = PBXFileReference; lastKnownFileType = image.png; path = logoicon114.png; sourceTree = "<group>"; };
		07A067F016A6063B00C00776 /* title.png */ = {isa = PBXFileReference; lastKnownFileType = image.png; path = title.png; sourceTree = "<group>"; };
		07A067F316A6092700C00776 /* bar.png */ = {isa = PBXFileReference; lastKnownFileType = image.png; path = bar.png; sourceTree = "<group>"; };
		07A067F516A60AE300C00776 /* toplogo.png */ = {isa = PBXFileReference; lastKnownFileType = image.png; path = toplogo.png; sourceTree = "<group>"; };
		07B9CB7716C6DBEC00B3A7A1 /* Default.png */ = {isa = PBXFileReference; lastKnownFileType = image.png; path = Default.png; sourceTree = "<group>"; };
		07B9CB7916C6DBEF00B3A7A1 /* Default-568h@2x.png */ = {isa = PBXFileReference; lastKnownFileType = image.png; path = "Default-568h@2x.png"; sourceTree = "<group>"; };
		07B9CB7B16C6DBFA00B3A7A1 /* Default@2x.png */ = {isa = PBXFileReference; lastKnownFileType = image.png; path = "Default@2x.png"; sourceTree = "<group>"; };
/* End PBXFileReference section */

/* Begin PBXFrameworksBuildPhase section */
		071B22A71642CDCB00922781 /* Frameworks */ = {
			isa = PBXFrameworksBuildPhase;
			buildActionMask = 2147483647;
			files = (
				0716FA5616DA2C14002DD14E /* MapKit.framework in Frameworks */,
				071B22AF1642CDCB00922781 /* UIKit.framework in Frameworks */,
				071B22B11642CDCB00922781 /* Foundation.framework in Frameworks */,
				071B22B31642CDCB00922781 /* CoreGraphics.framework in Frameworks */,
			);
			runOnlyForDeploymentPostprocessing = 0;
		};
/* End PBXFrameworksBuildPhase section */

/* Begin PBXGroup section */
		071B229F1642CDCB00922781 = {
			isa = PBXGroup;
			children = (
				0716FA5516DA2C14002DD14E /* MapKit.framework */,
				07B9CB7B16C6DBFA00B3A7A1 /* Default@2x.png */,
				07B9CB7916C6DBEF00B3A7A1 /* Default-568h@2x.png */,
				07B9CB7716C6DBEC00B3A7A1 /* Default.png */,
				0785F1DD16661BAA0072F254 /* logoicon114.png */,
				0785F1DB16661B740072F254 /* logoicon.png */,
				071B22B41642CDCB00922781 /* Haileybury MUN */,
				071B22AD1642CDCB00922781 /* Frameworks */,
				071B22AB1642CDCB00922781 /* Products */,
			);
			sourceTree = "<group>";
		};
		071B22AB1642CDCB00922781 /* Products */ = {
			isa = PBXGroup;
			children = (
				071B22AA1642CDCB00922781 /* HaileyburyMUN.app */,
			);
			name = Products;
			sourceTree = "<group>";
		};
		071B22AD1642CDCB00922781 /* Frameworks */ = {
			isa = PBXGroup;
			children = (
				071B22AE1642CDCB00922781 /* UIKit.framework */,
				071B22B01642CDCB00922781 /* Foundation.framework */,
				071B22B21642CDCB00922781 /* CoreGraphics.framework */,
			);
			name = Frameworks;
			sourceTree = "<group>";
		};
		071B22B41642CDCB00922781 /* Haileybury MUN */ = {
			isa = PBXGroup;
			children = (
				0716FA6716DA540D002DD14E /* logo.png */,
				0716FA6516DA5287002DD14E /* map.png */,
				0716FA6116DA519C002DD14E /* guide.png */,
				0716FA6216DA519C002DD14E /* guide@2x.png */,
				0716FA5D16DA4FAE002DD14E /* home.png */,
				0716FA5E16DA4FAE002DD14E /* home@2x.png */,
				0716FA5B16DA4DEB002DD14E /* author.png */,
				0716FA5716DA2DDB002DD14E /* delguide.pdf */,
				071B22BD1642CDCB00922781 /* AppDelegate.h */,
				0716FA1016D6DE44002DD14E /* MainStoryboard.storyboard */,
				071B22BE1642CDCB00922781 /* AppDelegate.m */,
				071B22C91642CDCB00922781 /* ViewController.h */,
				071B22CA1642CDCB00922781 /* ViewController.m */,
				071B22B51642CDCB00922781 /* Supporting Files */,
			);
			path = "Haileybury MUN";
			sourceTree = "<group>";
		};
		071B22B51642CDCB00922781 /* Supporting Files */ = {
			isa = PBXGroup;
			children = (
				0716FA4D16D6EC82002DD14E /* first.png */,
				0716FA4E16D6EC82002DD14E /* first@2x.png */,
				0716FA4F16D6EC82002DD14E /* second.png */,
				0716FA5016D6EC82002DD14E /* second@2x.png */,
				07A067F516A60AE300C00776 /* toplogo.png */,
				07A067F316A6092700C00776 /* bar.png */,
				07A067F016A6063B00C00776 /* title.png */,
				071B22B61642CDCB00922781 /* HaileyburyMUN-Info.plist */,
				071B22B71642CDCB00922781 /* InfoPlist.strings */,
				071B22BA1642CDCB00922781 /* main.m */,
				071B22BC1642CDCB00922781 /* HaileyburyMUN-Prefix.pch */,
				071B22C01642CDCB00922781 /* Default.png */,
				071B22C21642CDCB00922781 /* Default@2x.png */,
				071B22C41642CDCB00922781 /* Default-568h@2x.png */,
			);
			name = "Supporting Files";
			sourceTree = "<group>";
		};
/* End PBXGroup section */

/* Begin PBXNativeTarget section */
		071B22A91642CDCB00922781 /* HaileyburyMUN */ = {
			isa = PBXNativeTarget;
			buildConfigurationList = 071B22CE1642CDCB00922781 /* Build configuration list for PBXNativeTarget "HaileyburyMUN" */;
			buildPhases = (
				071B22A61642CDCB00922781 /* Sources */,
				071B22A71642CDCB00922781 /* Frameworks */,
				071B22A81642CDCB00922781 /* Resources */,
			);
			buildRules = (
			);
			dependencies = (
			);
			name = HaileyburyMUN;
			productName = "Haileybury MUN";
			productReference = 071B22AA1642CDCB00922781 /* HaileyburyMUN.app */;
			productType = "com.apple.product-type.application";
		};
/* End PBXNativeTarget section */

/* Begin PBXProject section */
		071B22A11642CDCB00922781 /* Project object */ = {
			isa = PBXProject;
			attributes = {
				LastUpgradeCheck = 0450;
				ORGANIZATIONNAME = "Oliver Hirschfield";
			};
			buildConfigurationList = 071B22A41642CDCB00922781 /* Build configuration list for PBXProject "HaileyburyMUN" */;
			compatibilityVersion = "Xcode 3.2";
			developmentRegion = English;
			hasScannedForEncodings = 0;
			knownRegions = (
				en,
			);
			mainGroup = 071B229F1642CDCB00922781;
			productRefGroup = 071B22AB1642CDCB00922781 /* Products */;
			projectDirPath = "";
			projectRoot = "";
			targets = (
				071B22A91642CDCB00922781 /* HaileyburyMUN */,
			);
		};
/* End PBXProject section */

/* Begin PBXResourcesBuildPhase section */
		071B22A81642CDCB00922781 /* Resources */ = {
			isa = PBXResourcesBuildPhase;
			buildActionMask = 2147483647;
			files = (
				071B22B91642CDCB00922781 /* InfoPlist.strings in Resources */,
				071B22C11642CDCB00922781 /* Default.png in Resources */,
				071B22C31642CDCB00922781 /* Default@2x.png in Resources */,
				071B22C51642CDCB00922781 /* Default-568h@2x.png in Resources */,
				0785F1DC16661B740072F254 /* logoicon.png in Resources */,
				0785F1DE16661BAA0072F254 /* logoicon114.png in Resources */,
				07A067F116A6063B00C00776 /* title.png in Resources */,
				07A067F416A6092700C00776 /* bar.png in Resources */,
				07A067F616A60AE300C00776 /* toplogo.png in Resources */,
				07B9CB7816C6DBEC00B3A7A1 /* Default.png in Resources */,
				07B9CB7A16C6DBEF00B3A7A1 /* Default-568h@2x.png in Resources */,
				07B9CB7C16C6DBFA00B3A7A1 /* Default@2x.png in Resources */,
				0716FA1216D6DE44002DD14E /* MainStoryboard.storyboard in Resources */,
				0716FA5116D6EC82002DD14E /* first.png in Resources */,
				0716FA5216D6EC82002DD14E /* first@2x.png in Resources */,
				0716FA5316D6EC82002DD14E /* second.png in Resources */,
				0716FA5416D6EC82002DD14E /* second@2x.png in Resources */,
				0716FA5816DA2DDB002DD14E /* delguide.pdf in Resources */,
				0716FA5C16DA4DEC002DD14E /* author.png in Resources */,
				0716FA5F16DA4FAE002DD14E /* home.png in Resources */,
				0716FA6016DA4FAE002DD14E /* home@2x.png in Resources */,
				0716FA6316DA519C002DD14E /* guide.png in Resources */,
				0716FA6416DA519C002DD14E /* guide@2x.png in Resources */,
				0716FA6616DA5287002DD14E /* map.png in Resources */,
				0716FA6816DA540D002DD14E /* logo.png in Resources */,
			);
			runOnlyForDeploymentPostprocessing = 0;
		};
/* End PBXResourcesBuildPhase section */

/* Begin PBXSourcesBuildPhase section */
		071B22A61642CDCB00922781 /* Sources */ = {
			isa = PBXSourcesBuildPhase;
			buildActionMask = 2147483647;
			files = (
				071B22BB1642CDCB00922781 /* main.m in Sources */,
				071B22BF1642CDCB00922781 /* AppDelegate.m in Sources */,
				071B22CB1642CDCB00922781 /* ViewController.m in Sources */,
			);
			runOnlyForDeploymentPostprocessing = 0;
		};
/* End PBXSourcesBuildPhase section */

/* Begin PBXVariantGroup section */
		0716FA1016D6DE44002DD14E /* MainStoryboard.storyboard */ = {
			isa = PBXVariantGroup;
			children = (
				0716FA1116D6DE44002DD14E /* en */,
			);
			name = MainStoryboard.storyboard;
			sourceTree = "<group>";
		};
		071B22B71642CDCB00922781 /* InfoPlist.strings */ = {
			isa = PBXVariantGroup;
			children = (
				071B22B81642CDCB00922781 /* en */,
			);
			name = InfoPlist.strings;
			sourceTree = "<group>";
		};
/* End PBXVariantGroup section */

/* Begin XCBuildConfiguration section */
		071B22CC1642CDCB00922781 /* Debug */ = {
			isa = XCBuildConfiguration;
			buildSettings = {
				ALWAYS_SEARCH_USER_PATHS = NO;
				CLANG_CXX_LANGUAGE_STANDARD = "gnu++0x";
				CLANG_CXX_LIBRARY = "libc++";
				CLANG_WARN_EMPTY_BODY = YES;
				CLANG_WARN__DUPLICATE_METHOD_MATCH = YES;
				"CODE_SIGN_IDENTITY[sdk=iphoneos*]" = "iPhone Developer";
				COPY_PHASE_STRIP = NO;
				GCC_C_LANGUAGE_STANDARD = gnu99;
				GCC_DYNAMIC_NO_PIC = NO;
				GCC_OPTIMIZATION_LEVEL = 0;
				GCC_PREPROCESSOR_DEFINITIONS = (
					"DEBUG=1",
					"$(inherited)",
				);
				GCC_SYMBOLS_PRIVATE_EXTERN = NO;
				GCC_WARN_ABOUT_RETURN_TYPE = YES;
				GCC_WARN_UNINITIALIZED_AUTOS = YES;
				GCC_WARN_UNUSED_VARIABLE = YES;
				IPHONEOS_DEPLOYMENT_TARGET = 6.0;
				ONLY_ACTIVE_ARCH = NO;
				SDKROOT = iphoneos;
			};
			name = Debug;
		};
		071B22CD1642CDCB00922781 /* Release */ = {
			isa = XCBuildConfiguration;
			buildSettings = {
				ALWAYS_SEARCH_USER_PATHS = NO;
				CLANG_CXX_LANGUAGE_STANDARD = "gnu++0x";
				CLANG_CXX_LIBRARY = "libc++";
				CLANG_WARN_EMPTY_BODY = YES;
				CLANG_WARN__DUPLICATE_METHOD_MATCH = YES;
				"CODE_SIGN_IDENTITY[sdk=iphoneos*]" = "iPhone Developer";
				COPY_PHASE_STRIP = YES;
				GCC_C_LANGUAGE_STANDARD = gnu99;
				GCC_WARN_ABOUT_RETURN_TYPE = YES;
				GCC_WARN_UNINITIALIZED_AUTOS = YES;
				GCC_WARN_UNUSED_VARIABLE = YES;
				IPHONEOS_DEPLOYMENT_TARGET = 6.0;
				ONLY_ACTIVE_ARCH = YES;
				OTHER_CFLAGS = "-DNS_BLOCK_ASSERTIONS=1";
				SDKROOT = iphoneos;
				VALIDATE_PRODUCT = YES;
			};
			name = Release;
		};
		071B22CF1642CDCB00922781 /* Debug */ = {
			isa = XCBuildConfiguration;
			buildSettings = {
				CODE_SIGN_IDENTITY = "iPhone Developer: Michael Hirschfield (329LJD2JMR)";
				"CODE_SIGN_IDENTITY[sdk=iphoneos*]" = "iPhone Developer: Michael Hirschfield (329LJD2JMR)";
				GCC_PRECOMPILE_PREFIX_HEADER = YES;
				GCC_PREFIX_HEADER = "Haileybury MUN/HaileyburyMUN-Prefix.pch";
				INFOPLIST_FILE = "Haileybury MUN/HaileyburyMUN-Info.plist";
				PRODUCT_NAME = HaileyburyMUN;
				PROVISIONING_PROFILE = "AFAF983A-7AEF-4B82-9C76-41B29C60C2C0";
				"PROVISIONING_PROFILE[sdk=iphoneos*]" = "AFAF983A-7AEF-4B82-9C76-41B29C60C2C0";
				TARGETED_DEVICE_FAMILY = 1;
				WRAPPER_EXTENSION = app;
			};
			name = Debug;
		};
		071B22D01642CDCB00922781 /* Release */ = {
			isa = XCBuildConfiguration;
			buildSettings = {
				"CODE_SIGN_ENTITLEMENTS[sdk=*]" = "";
				CODE_SIGN_IDENTITY = "iPhone Distribution";
				"CODE_SIGN_IDENTITY[sdk=iphoneos*]" = "iPhone Developer: Michael Hirschfield (329LJD2JMR)";
				GCC_PRECOMPILE_PREFIX_HEADER = YES;
				GCC_PREFIX_HEADER = "Haileybury MUN/HaileyburyMUN-Prefix.pch";
				INFOPLIST_FILE = "Haileybury MUN/HaileyburyMUN-Info.plist";
				PRODUCT_NAME = HaileyburyMUN;
				PROVISIONING_PROFILE = "";
				"PROVISIONING_PROFILE[sdk=iphoneos*]" = "AFAF983A-7AEF-4B82-9C76-41B29C60C2C0";
				TARGETED_DEVICE_FAMILY = 1;
				WRAPPER_EXTENSION = app;
			};
			name = Release;
		};
/* End XCBuildConfiguration section */

/* Begin XCConfigurationList section */
		071B22A41642CDCB00922781 /* Build configuration list for PBXProject "HaileyburyMUN" */ = {
			isa = XCConfigurationList;
			buildConfigurations = (
				071B22CC1642CDCB00922781 /* Debug */,
				071B22CD1642CDCB00922781 /* Release */,
			);
			defaultConfigurationIsVisible = 0;
			defaultConfigurationName = Release;
		};
		071B22CE1642CDCB00922781 /* Build configuration list for PBXNativeTarget "HaileyburyMUN" */ = {
			isa = XCConfigurationList;
			buildConfigurations = (
				071B22CF1642CDCB00922781 /* Debug */,
				071B22D01642CDCB00922781 /* Release */,
			);
			defaultConfigurationIsVisible = 0;
			defaultConfigurationName = Release;
		};
/* End XCConfigurationList section */
	};
	rootObject = 071B22A11642CDCB00922781 /* Project object */;
}
